
Microsoft Visual Studio Solution File, Format Version 12.00
# Visual Studio Express 14 for Web
VisualStudioVersion = 14.0.25420.1
MinimumVisualStudioVersion = 10.0.40219.1
Project("{E24C65DC-7377-472B-9ABA-BC803B73C61A}") = "Mozilla Proyect", ".", "{ECF922BD-7B38-457F-A717-CBE3FFAB421A}"
	ProjectSection(WebsiteProperties) = preProject
		TargetFrameworkMoniker = ".NETFramework,Version%3Dv4.0"
		Debug.AspNetCompiler.VirtualPath = "/localhost_61147"
		Debug.AspNetCompiler.PhysicalPath = "..\Mozilla Proyect\"
		Debug.AspNetCompiler.TargetPath = "PrecompiledWeb\localhost_61147\"
		Debug.AspNetCompiler.Updateable = "true"
		Debug.AspNetCompiler.ForceOverwrite = "true"
		Debug.AspNetCompiler.FixedNames = "false"
		Debug.AspNetCompiler.Debug = "True"
		Release.AspNetCompiler.VirtualPath = "/localhost_61147"
		Release.AspNetCompiler.PhysicalPath = "..\Mozilla Proyect\"
		Release.AspNetCompiler.TargetPath = "PrecompiledWeb\localhost_61147\"
		Release.AspNetCompiler.Updateable = "true"
		Release.AspNetCompiler.ForceOverwrite = "true"
		Release.AspNetCompiler.FixedNames = "false"
		Release.AspNetCompiler.Debug = "False"
		VWDPort = "61147"
		SlnRelativePath = "..\Mozilla Proyect\"
	EndProjectSection
EndProject
Global
	GlobalSection(SolutionConfigurationPlatforms) = preSolution
		Debug|Any CPU = Debug|Any CPU
	EndGlobalSection
	GlobalSection(ProjectConfigurationPlatforms) = postSolution
		{ECF922BD-7B38-457F-A717-CBE3FFAB421A}.Debug|Any CPU.ActiveCfg = Debug|Any CPU
		{ECF922BD-7B38-457F-A717-CBE3FFAB421A}.Debug|Any CPU.Build.0 = Debug|Any CPU
	EndGlobalSection
	GlobalSection(SolutionProperties) = preSolution
		HideSolutionNode = FALSE
	EndGlobalSection
EndGlobal
